
Microsoft Visual Studio Solution File, Format Version 12.00
# Visual Studio Version 17
VisualStudioVersion = 17.10.35013.160
MinimumVisualStudioVersion = 10.0.40219.1
Project("{FAE04EC0-301F-11D3-BF4B-00C04F79EFBC}") = "123.456.789", "123.456.789\123.456.789.csproj", "{249ABAAC-38F6-4D3D-9AF3-A416358CBA08}"
EndProject
Global
	GlobalSection(SolutionConfigurationPlatforms) = preSolution
		Debug|Any CPU = Debug|Any CPU
		Release|Any CPU = Release|Any CPU
	EndGlobalSection
	GlobalSection(ProjectConfigurationPlatforms) = postSolution
		{249ABAAC-38F6-4D3D-9AF3-A416358CBA08}.Debug|Any CPU.ActiveCfg = Debug|Any CPU
		{249ABAAC-38F6-4D3D-9AF3-A416358CBA08}.Debug|Any CPU.Build.0 = Debug|Any CPU
		{249ABAAC-38F6-4D3D-9AF3-A416358CBA08}.Release|Any CPU.ActiveCfg = Release|Any CPU
		{249ABAAC-38F6-4D3D-9AF3-A416358CBA08}.Release|Any CPU.Build.0 = Release|Any CPU
	EndGlobalSection
	GlobalSection(SolutionProperties) = preSolution
		HideSolutionNode = FALSE
	EndGlobalSection
	GlobalSection(ExtensibilityGlobals) = postSolution
		SolutionGuid = {39756F6E-D83F-498D-B33F-E7A387F300E7}
	EndGlobalSection
EndGlobal
